
Microsoft Visual Studio Solution File, Format Version 12.00
# Visual Studio Version 17
VisualStudioVersion = 17.0.31611.283
MinimumVisualStudioVersion = 10.0.40219.1
Project("{9A19103F-16F7-4668-BE54-9A1E7A4F7556}") = "MauiDotNet9Pre5_Popup", "MauiDotNet9Pre5_Popup\MauiDotNet9Pre5_Popup.csproj", "{330421A5-75F7-4432-94D4-3AFB3D3EF1B6}"
EndProject
Project("{2150E333-8FDC-42A3-9474-1A3956D46DE8}") = "Projektmappenelemente", "Projektmappenelemente", "{A053DED6-19DE-418C-983F-0581CA7474E6}"
	ProjectSection(SolutionItems) = preProject
		.gitattributes = .gitattributes
		.gitignore = .gitignore
		global.json = global.json
		ReadMe.md = ReadMe.md
	EndProjectSection
EndProject
Global
	GlobalSection(SolutionConfigurationPlatforms) = preSolution
		Debug|Any CPU = Debug|Any CPU
		Release|Any CPU = Release|Any CPU
	EndGlobalSection
	GlobalSection(ProjectConfigurationPlatforms) = postSolution
		{330421A5-75F7-4432-94D4-3AFB3D3EF1B6}.Debug|Any CPU.ActiveCfg = Debug|Any CPU
		{330421A5-75F7-4432-94D4-3AFB3D3EF1B6}.Debug|Any CPU.Build.0 = Debug|Any CPU
		{330421A5-75F7-4432-94D4-3AFB3D3EF1B6}.Debug|Any CPU.Deploy.0 = Debug|Any CPU
		{330421A5-75F7-4432-94D4-3AFB3D3EF1B6}.Release|Any CPU.ActiveCfg = Release|Any CPU
		{330421A5-75F7-4432-94D4-3AFB3D3EF1B6}.Release|Any CPU.Build.0 = Release|Any CPU
		{330421A5-75F7-4432-94D4-3AFB3D3EF1B6}.Release|Any CPU.Deploy.0 = Release|Any CPU
	EndGlobalSection
	GlobalSection(SolutionProperties) = preSolution
		HideSolutionNode = FALSE
	EndGlobalSection
	GlobalSection(ExtensibilityGlobals) = postSolution
		SolutionGuid = {61F7FB11-1E47-470C-91E2-47F8143E1572}
	EndGlobalSection
EndGlobal
